
Microsoft Visual Studio Solution File, Format Version 12.00
# Visual Studio Version 16
VisualStudioVersion = 16.0.31515.178
MinimumVisualStudioVersion = 10.0.40219.1
Project("{FAE04EC0-301F-11D3-BF4B-00C04F79EFBC}") = "Crawler", "Crawler.csproj", "{A1DB7C64-2D30-4F5C-AAF4-CCB22A957DB1}"
EndProject
Global
	GlobalSection(SolutionConfigurationPlatforms) = preSolution
		Debug|Any CPU = Debug|Any CPU
		Release|Any CPU = Release|Any CPU
	EndGlobalSection
	GlobalSection(ProjectConfigurationPlatforms) = postSolution
		{A1DB7C64-2D30-4F5C-AAF4-CCB22A957DB1}.Debug|Any CPU.ActiveCfg = Debug|Any CPU
		{A1DB7C64-2D30-4F5C-AAF4-CCB22A957DB1}.Debug|Any CPU.Build.0 = Debug|Any CPU
		{A1DB7C64-2D30-4F5C-AAF4-CCB22A957DB1}.Release|Any CPU.ActiveCfg = Release|Any CPU
		{A1DB7C64-2D30-4F5C-AAF4-CCB22A957DB1}.Release|Any CPU.Build.0 = Release|Any CPU
	EndGlobalSection
	GlobalSection(SolutionProperties) = preSolution
		HideSolutionNode = FALSE
	EndGlobalSection
	GlobalSection(ExtensibilityGlobals) = postSolution
		SolutionGuid = {9B5E26F1-3A9A-4E71-89BA-87BCDAA5DCF2}
	EndGlobalSection
EndGlobal
